// !$*UTF8*$!
{
	archiveVersion = 1;
	classes = {
	};
	objectVersion = 46;
	objects = {

/* Begin PBXBuildFile section */
		658BFD7618B23B703D376BE4 /* libPods-AutoNaviSample.a in Frameworks */ = {isa = PBXBuildFile; fileRef = DECFBA8A288EFEA96FADCDE0 /* libPods-AutoNaviSample.a */; };
		F33E78281E8109880078F7BB /* OptionsListCell.m in Sources */ = {isa = PBXBuildFile; fileRef = F33E78271E8109880078F7BB /* OptionsListCell.m */; };
		F33E782E1E810B8D0078F7BB /* carInfoViewController.m in Sources */ = {isa = PBXBuildFile; fileRef = F33E782D1E810B8D0078F7BB /* carInfoViewController.m */; };
		F33E78351E8113940078F7BB /* offlineMapHandle.m in Sources */ = {isa = PBXBuildFile; fileRef = F33E78341E8113940078F7BB /* offlineMapHandle.m */; };
		F33E78381E8119550078F7BB /* OffLineItemHandelModel.m in Sources */ = {isa = PBXBuildFile; fileRef = F33E78371E8119550078F7BB /* OffLineItemHandelModel.m */; };
		F33E783B1E8243F20078F7BB /* CarInfoEditCell.m in Sources */ = {isa = PBXBuildFile; fileRef = F33E783A1E8243F20078F7BB /* CarInfoEditCell.m */; };
		F33E78451E8250970078F7BB /* RoutePreferencesViewController.m in Sources */ = {isa = PBXBuildFile; fileRef = F33E78441E8250970078F7BB /* RoutePreferencesViewController.m */; };
		F33E784B1E825AC20078F7BB /* offlineMapHeadView.m in Sources */ = {isa = PBXBuildFile; fileRef = F33E78481E825AC20078F7BB /* offlineMapHeadView.m */; };
		F33E784C1E825AC20078F7BB /* offlineMapViewController.m in Sources */ = {isa = PBXBuildFile; fileRef = F33E784A1E825AC20078F7BB /* offlineMapViewController.m */; };
		F33E784F1E825B0F0078F7BB /* attributionView.m in Sources */ = {isa = PBXBuildFile; fileRef = F33E784E1E825B0F0078F7BB /* attributionView.m */; };
		F3424A011E5C1F88000DEEF5 /* BaseNaviViewController.m in Sources */ = {isa = PBXBuildFile; fileRef = F3424A001E5C1F88000DEEF5 /* BaseNaviViewController.m */; };
		F34EEFC41E5A78B3006DBC5B /* PreferenceView.m in Sources */ = {isa = PBXBuildFile; fileRef = F34EEFC31E5A78B3006DBC5B /* PreferenceView.m */; };
		F34EEFC81E5A79FD006DBC5B /* RouteCollectionViewCell.m in Sources */ = {isa = PBXBuildFile; fileRef = F34EEFC71E5A79FD006DBC5B /* RouteCollectionViewCell.m */; };
		F34EEFCC1E5A7CEF006DBC5B /* SelectableOverlay.m in Sources */ = {isa = PBXBuildFile; fileRef = F34EEFCB1E5A7CEF006DBC5B /* SelectableOverlay.m */; };
		F34EEFCF1E5A8136006DBC5B /* LoginUser.m in Sources */ = {isa = PBXBuildFile; fileRef = F34EEFCE1E5A8136006DBC5B /* LoginUser.m */; };
		F369E1EB1E7BA96600E8C138 /* OrderViewController.m in Sources */ = {isa = PBXBuildFile; fileRef = F369E1EA1E7BA96600E8C138 /* OrderViewController.m */; };
		F369E1EF1E7BA9F900E8C138 /* OptionsViewController.m in Sources */ = {isa = PBXBuildFile; fileRef = F369E1EE1E7BA9F900E8C138 /* OptionsViewController.m */; };
		F369E1F61E7BB4D500E8C138 /* LoginViewController.m in Sources */ = {isa = PBXBuildFile; fileRef = F369E1F51E7BB4D500E8C138 /* LoginViewController.m */; };
		F369E1FC1E7BB63600E8C138 /* UIView+additions.m in Sources */ = {isa = PBXBuildFile; fileRef = F369E1FB1E7BB63600E8C138 /* UIView+additions.m */; };
		F369E2001E7BBD4500E8C138 /* UIToolViewTextField.m in Sources */ = {isa = PBXBuildFile; fileRef = F369E1FF1E7BBD4500E8C138 /* UIToolViewTextField.m */; };
		F369E2041E7BC6F000E8C138 /* LoginView.m in Sources */ = {isa = PBXBuildFile; fileRef = F369E2031E7BC6F000E8C138 /* LoginView.m */; };
		F369E2071E7BC70A00E8C138 /* VerifyView.m in Sources */ = {isa = PBXBuildFile; fileRef = F369E2061E7BC70A00E8C138 /* VerifyView.m */; };
		F369E20B1E7BCA8B00E8C138 /* LoginHandle.m in Sources */ = {isa = PBXBuildFile; fileRef = F369E20A1E7BCA8B00E8C138 /* LoginHandle.m */; };
		F369E2171E80F62700E8C138 /* OrderListCell.m in Sources */ = {isa = PBXBuildFile; fileRef = F369E2161E80F62700E8C138 /* OrderListCell.m */; };
		F369E21D1E80F91B00E8C138 /* BaseModel.m in Sources */ = {isa = PBXBuildFile; fileRef = F369E21C1E80F91B00E8C138 /* BaseModel.m */; };
		F369E2201E80F97F00E8C138 /* OrderListModel.m in Sources */ = {isa = PBXBuildFile; fileRef = F369E21F1E80F97F00E8C138 /* OrderListModel.m */; };
		F378081C1E56C83A0057A57A /* AmapViewController.m in Sources */ = {isa = PBXBuildFile; fileRef = F378081B1E56C83A0057A57A /* AmapViewController.m */; };
		F378081F1E56D1D10057A57A /* AmapNaviViewController.m in Sources */ = {isa = PBXBuildFile; fileRef = F378081E1E56D1D10057A57A /* AmapNaviViewController.m */; };
		F37AF4411E727E9E00161008 /* NaviSpeechHelp.m in Sources */ = {isa = PBXBuildFile; fileRef = F37AF4401E727E9E00161008 /* NaviSpeechHelp.m */; };
		F37C58AE1E5FC0010098B80E /* AutoNaviSampleTests.m in Sources */ = {isa = PBXBuildFile; fileRef = F37C58AD1E5FC0010098B80E /* AutoNaviSampleTests.m */; };
		F37C58BC1E5FC01E0098B80E /* AutoNaviSampleUITests.m in Sources */ = {isa = PBXBuildFile; fileRef = F37C58BB1E5FC01E0098B80E /* AutoNaviSampleUITests.m */; };
		F3894B051E6CF24B00ECB8F1 /* AmapRouteNaviViewController.m in Sources */ = {isa = PBXBuildFile; fileRef = F3894B041E6CF24B00ECB8F1 /* AmapRouteNaviViewController.m */; };
		F3894B091E6CF9E200ECB8F1 /* arriveAlertView.m in Sources */ = {isa = PBXBuildFile; fileRef = F3894B081E6CF9E200ECB8F1 /* arriveAlertView.m */; };
		F3894B0C1E6CFC1C00ECB8F1 /* UIView+HUDExtensions.m in Sources */ = {isa = PBXBuildFile; fileRef = F3894B0B1E6CFC1C00ECB8F1 /* UIView+HUDExtensions.m */; };
		F38C57091E5BD3CF001382DB /* NaviMoreView.m in Sources */ = {isa = PBXBuildFile; fileRef = F38C57081E5BD3CF001382DB /* NaviMoreView.m */; };
		F39283511E83CD4E00896FFD /* CarNumCell.m in Sources */ = {isa = PBXBuildFile; fileRef = F39283501E83CD4E00896FFD /* CarNumCell.m */; };
		F392835B1E88AB5200896FFD /* ProgressBarView.m in Sources */ = {isa = PBXBuildFile; fileRef = F392835A1E88AB5200896FFD /* ProgressBarView.m */; };
		F39283621E88ADBC00896FFD /* UIColor+RGBValues.m in Sources */ = {isa = PBXBuildFile; fileRef = F39283611E88ADBC00896FFD /* UIColor+RGBValues.m */; };
		F39283651E89172E00896FFD /* OfflLineMapCell.m in Sources */ = {isa = PBXBuildFile; fileRef = F39283641E89172E00896FFD /* OfflLineMapCell.m */; };
		F39BFD261E6E813A00F4A9B2 /* notificationCenter.m in Sources */ = {isa = PBXBuildFile; fileRef = F39BFD251E6E813A00F4A9B2 /* notificationCenter.m */; };
		F39BFD281E6E859F00F4A9B2 /* MapKit.framework in Frameworks */ = {isa = PBXBuildFile; fileRef = F39BFD271E6E859F00F4A9B2 /* MapKit.framework */; };
		F39BFD2F1E6FA7CF00F4A9B2 /* NaviMapHelp.m in Sources */ = {isa = PBXBuildFile; fileRef = F39BFD2E1E6FA7CF00F4A9B2 /* NaviMapHelp.m */; };
		F3A67DA61E712346003F81F4 /* NaviPointAnnotation.m in Sources */ = {isa = PBXBuildFile; fileRef = F3A67DA51E712346003F81F4 /* NaviPointAnnotation.m */; };
		F3AA4C291E77F22900D20214 /* MineViewController.m in Sources */ = {isa = PBXBuildFile; fileRef = F3AA4C281E77F22900D20214 /* MineViewController.m */; };
		F3AA4C311E78DFC000D20214 /* UIImage+blur.m in Sources */ = {isa = PBXBuildFile; fileRef = F3AA4C301E78DFC000D20214 /* UIImage+blur.m */; };
		F3AA4C341E78E21900D20214 /* UIView+instrument.m in Sources */ = {isa = PBXBuildFile; fileRef = F3AA4C331E78E21900D20214 /* UIView+instrument.m */; };
		F3AA4C381E79144A00D20214 /* SlidebarViewController.m in Sources */ = {isa = PBXBuildFile; fileRef = F3AA4C371E79144A00D20214 /* SlidebarViewController.m */; };
		F3AA4C3C1E791F7200D20214 /* SlidebarMenu.m in Sources */ = {isa = PBXBuildFile; fileRef = F3AA4C3B1E791F7200D20214 /* SlidebarMenu.m */; };
		F3AA4C461E7920EF00D20214 /* UIViewController+SlidebarMenu.m in Sources */ = {isa = PBXBuildFile; fileRef = F3AA4C451E7920EF00D20214 /* UIViewController+SlidebarMenu.m */; };
		F3AA4C4D1E79230600D20214 /* SlidebarFunctions.m in Sources */ = {isa = PBXBuildFile; fileRef = F3AA4C4C1E79230600D20214 /* SlidebarFunctions.m */; };
		F3B9387C1E6E7A1D0014A80E /* UserNotifications.framework in Frameworks */ = {isa = PBXBuildFile; fileRef = F3B9387B1E6E7A1D0014A80E /* UserNotifications.framework */; };
		F3D35D941E5695850055194D /* main.m in Sources */ = {isa = PBXBuildFile; fileRef = F3D35D931E5695850055194D /* main.m */; };
		F3D35D971E5695850055194D /* AppDelegate.m in Sources */ = {isa = PBXBuildFile; fileRef = F3D35D961E5695850055194D /* AppDelegate.m */; };
		F3D35D991E5695850055194D /* Assets.xcassets in Resources */ = {isa = PBXBuildFile; fileRef = F3D35D981E5695850055194D /* Assets.xcassets */; };
		F3D35DCC1E56967C0055194D /* BaesTableViewCell.m in Sources */ = {isa = PBXBuildFile; fileRef = F3D35DAB1E56967C0055194D /* BaesTableViewCell.m */; };
		F3D35DCD1E56967C0055194D /* BaseTableView.m in Sources */ = {isa = PBXBuildFile; fileRef = F3D35DAD1E56967C0055194D /* BaseTableView.m */; };
		F3D35DCE1E56967C0055194D /* BaseViewController.m in Sources */ = {isa = PBXBuildFile; fileRef = F3D35DAF1E56967C0055194D /* BaseViewController.m */; };
		F3D35DCF1E56967C0055194D /* common.m in Sources */ = {isa = PBXBuildFile; fileRef = F3D35DC01E56967C0055194D /* common.m */; };
		F3D35DD01E56967C0055194D /* BaseUser.m in Sources */ = {isa = PBXBuildFile; fileRef = F3D35DC81E56967C0055194D /* BaseUser.m */; };
/* End PBXBuildFile section */

/* Begin PBXContainerItemProxy section */
		F37C58B01E5FC0010098B80E /* PBXContainerItemProxy */ = {
			isa = PBXContainerItemProxy;
			containerPortal = F3D35D871E5695840055194D /* Project object */;
			proxyType = 1;
			remoteGlobalIDString = F3D35D8E1E5695850055194D;
			remoteInfo = AutoNaviSample;
		};
		F37C58BE1E5FC01E0098B80E /* PBXContainerItemProxy */ = {
			isa = PBXContainerItemProxy;
			containerPortal = F3D35D871E5695840055194D /* Project object */;
			proxyType = 1;
			remoteGlobalIDString = F3D35D8E1E5695850055194D;
			remoteInfo = AutoNaviSample;
		};
/* End PBXContainerItemProxy section */

/* Begin PBXFileReference section */
		7A7E29ECF72D6F9A4B2E9F11 /* Pods-AutoNaviSample.release.xcconfig */ = {isa = PBXFileReference; includeInIndex = 1; lastKnownFileType = text.xcconfig; name = "Pods-AutoNaviSample.release.xcconfig"; path = "Pods/Target Support Files/Pods-AutoNaviSample/Pods-AutoNaviSample.release.xcconfig"; sourceTree = "<group>"; };
		895E8BFDD71A0A1F03568DFE /* Pods-AutoNaviSample.debug.xcconfig */ = {isa = PBXFileReference; includeInIndex = 1; lastKnownFileType = text.xcconfig; name = "Pods-AutoNaviSample.debug.xcconfig"; path = "Pods/Target Support Files/Pods-AutoNaviSample/Pods-AutoNaviSample.debug.xcconfig"; sourceTree = "<group>"; };
		DECFBA8A288EFEA96FADCDE0 /* libPods-AutoNaviSample.a */ = {isa = PBXFileReference; explicitFileType = archive.ar; includeInIndex = 0; path = "libPods-AutoNaviSample.a"; sourceTree = BUILT_PRODUCTS_DIR; };
		F33E78261E8109880078F7BB /* OptionsListCell.h */ = {isa = PBXFileReference; fileEncoding = 4; lastKnownFileType = sourcecode.c.h; path = OptionsListCell.h; sourceTree = "<group>"; };
		F33E78271E8109880078F7BB /* OptionsListCell.m */ = {isa = PBXFileReference; fileEncoding = 4; lastKnownFileType = sourcecode.c.objc; path = OptionsListCell.m; sourceTree = "<group>"; };
		F33E782C1E810B8D0078F7BB /* carInfoViewController.h */ = {isa = PBXFileReference; fileEncoding = 4; lastKnownFileType = sourcecode.c.h; path = carInfoViewController.h; sourceTree = "<group>"; };
		F33E782D1E810B8D0078F7BB /* carInfoViewController.m */ = {isa = PBXFileReference; fileEncoding = 4; lastKnownFileType = sourcecode.c.objc; path = carInfoViewController.m; sourceTree = "<group>"; };
		F33E78331E8113940078F7BB /* offlineMapHandle.h */ = {isa = PBXFileReference; fileEncoding = 4; lastKnownFileType = sourcecode.c.h; path = offlineMapHandle.h; sourceTree = "<group>"; };
		F33E78341E8113940078F7BB /* offlineMapHandle.m */ = {isa = PBXFileReference; fileEncoding = 4; lastKnownFileType = sourcecode.c.objc; path = offlineMapHandle.m; sourceTree = "<group>"; };
		F33E78361E8119550078F7BB /* OffLineItemHandelModel.h */ = {isa = PBXFileReference; fileEncoding = 4; lastKnownFileType = sourcecode.c.h; path = OffLineItemHandelModel.h; sourceTree = "<group>"; };
		F33E78371E8119550078F7BB /* OffLineItemHandelModel.m */ = {isa = PBXFileReference; fileEncoding = 4; lastKnownFileType = sourcecode.c.objc; path = OffLineItemHandelModel.m; sourceTree = "<group>"; };
		F33E78391E8243F20078F7BB /* CarInfoEditCell.h */ = {isa = PBXFileReference; fileEncoding = 4; lastKnownFileType = sourcecode.c.h; path = CarInfoEditCell.h; sourceTree = "<group>"; };
		F33E783A1E8243F20078F7BB /* CarInfoEditCell.m */ = {isa = PBXFileReference; fileEncoding = 4; lastKnownFileType = sourcecode.c.objc; path = CarInfoEditCell.m; sourceTree = "<group>"; };
		F33E78431E8250970078F7BB /* RoutePreferencesViewController.h */ = {isa = PBXFileReference; fileEncoding = 4; lastKnownFileType = sourcecode.c.h; path = RoutePreferencesViewController.h; sourceTree = "<group>"; };
		F33E78441E8250970078F7BB /* RoutePreferencesViewController.m */ = {isa = PBXFileReference; fileEncoding = 4; lastKnownFileType = sourcecode.c.objc; path = RoutePreferencesViewController.m; sourceTree = "<group>"; };
		F33E78471E825AC20078F7BB /* offlineMapHeadView.h */ = {isa = PBXFileReference; fileEncoding = 4; lastKnownFileType = sourcecode.c.h; path = offlineMapHeadView.h; sourceTree = "<group>"; };
		F33E78481E825AC20078F7BB /* offlineMapHeadView.m */ = {isa = PBXFileReference; fileEncoding = 4; lastKnownFileType = sourcecode.c.objc; path = offlineMapHeadView.m; sourceTree = "<group>"; };
		F33E78491E825AC20078F7BB /* offlineMapViewController.h */ = {isa = PBXFileReference; fileEncoding = 4; lastKnownFileType = sourcecode.c.h; path = offlineMapViewController.h; sourceTree = "<group>"; };
		F33E784A1E825AC20078F7BB /* offlineMapViewController.m */ = {isa = PBXFileReference; fileEncoding = 4; lastKnownFileType = sourcecode.c.objc; path = offlineMapViewController.m; sourceTree = "<group>"; };
		F33E784D1E825B0F0078F7BB /* attributionView.h */ = {isa = PBXFileReference; fileEncoding = 4; lastKnownFileType = sourcecode.c.h; path = attributionView.h; sourceTree = "<group>"; };
		F33E784E1E825B0F0078F7BB /* attributionView.m */ = {isa = PBXFileReference; fileEncoding = 4; lastKnownFileType = sourcecode.c.objc; path = attributionView.m; sourceTree = "<group>"; };
		F34249FF1E5C1F88000DEEF5 /* BaseNaviViewController.h */ = {isa = PBXFileReference; fileEncoding = 4; lastKnownFileType = sourcecode.c.h; path = BaseNaviViewController.h; sourceTree = "<group>"; };
		F3424A001E5C1F88000DEEF5 /* BaseNaviViewController.m */ = {isa = PBXFileReference; fileEncoding = 4; lastKnownFileType = sourcecode.c.objc; path = BaseNaviViewController.m; sourceTree = "<group>"; };
		F34EEFC21E5A78B3006DBC5B /* PreferenceView.h */ = {isa = PBXFileReference; fileEncoding = 4; lastKnownFileType = sourcecode.c.h; path = PreferenceView.h; sourceTree = "<group>"; };
		F34EEFC31E5A78B3006DBC5B /* PreferenceView.m */ = {isa = PBXFileReference; fileEncoding = 4; lastKnownFileType = sourcecode.c.objc; path = PreferenceView.m; sourceTree = "<group>"; };
		F34EEFC61E5A79FD006DBC5B /* RouteCollectionViewCell.h */ = {isa = PBXFileReference; fileEncoding = 4; lastKnownFileType = sourcecode.c.h; path = RouteCollectionViewCell.h; sourceTree = "<group>"; };
		F34EEFC71E5A79FD006DBC5B /* RouteCollectionViewCell.m */ = {isa = PBXFileReference; fileEncoding = 4; lastKnownFileType = sourcecode.c.objc; path = RouteCollectionViewCell.m; sourceTree = "<group>"; };
		F34EEFCA1E5A7CEF006DBC5B /* SelectableOverlay.h */ = {isa = PBXFileReference; fileEncoding = 4; lastKnownFileType = sourcecode.c.h; path = SelectableOverlay.h; sourceTree = "<group>"; };
		F34EEFCB1E5A7CEF006DBC5B /* SelectableOverlay.m */ = {isa = PBXFileReference; fileEncoding = 4; lastKnownFileType = sourcecode.c.objc; path = SelectableOverlay.m; sourceTree = "<group>"; };
		F34EEFCD1E5A8136006DBC5B /* LoginUser.h */ = {isa = PBXFileReference; fileEncoding = 4; lastKnownFileType = sourcecode.c.h; path = LoginUser.h; sourceTree = "<group>"; };
		F34EEFCE1E5A8136006DBC5B /* LoginUser.m */ = {isa = PBXFileReference; fileEncoding = 4; lastKnownFileType = sourcecode.c.objc; path = LoginUser.m; sourceTree = "<group>"; };
		F369E1E91E7BA96600E8C138 /* OrderViewController.h */ = {isa = PBXFileReference; fileEncoding = 4; lastKnownFileType = sourcecode.c.h; path = OrderViewController.h; sourceTree = "<group>"; };
		F369E1EA1E7BA96600E8C138 /* OrderViewController.m */ = {isa = PBXFileReference; fileEncoding = 4; lastKnownFileType = sourcecode.c.objc; path = OrderViewController.m; sourceTree = "<group>"; };
		F369E1ED1E7BA9F900E8C138 /* OptionsViewController.h */ = {isa = PBXFileReference; fileEncoding = 4; lastKnownFileType = sourcecode.c.h; path = OptionsViewController.h; sourceTree = "<group>"; };
		F369E1EE1E7BA9F900E8C138 /* OptionsViewController.m */ = {isa = PBXFileReference; fileEncoding = 4; lastKnownFileType = sourcecode.c.objc; path = OptionsViewController.m; sourceTree = "<group>"; };
		F369E1F41E7BB4D500E8C138 /* LoginViewController.h */ = {isa = PBXFileReference; fileEncoding = 4; lastKnownFileType = sourcecode.c.h; path = LoginViewController.h; sourceTree = "<group>"; };
		F369E1F51E7BB4D500E8C138 /* LoginViewController.m */ = {isa = PBXFileReference; fileEncoding = 4; lastKnownFileType = sourcecode.c.objc; path = LoginViewController.m; sourceTree = "<group>"; };
		F369E1FA1E7BB63600E8C138 /* UIView+additions.h */ = {isa = PBXFileReference; fileEncoding = 4; lastKnownFileType = sourcecode.c.h; path = "UIView+additions.h"; sourceTree = "<group>"; };
		F369E1FB1E7BB63600E8C138 /* UIView+additions.m */ = {isa = PBXFileReference; fileEncoding = 4; lastKnownFileType = sourcecode.c.objc; path = "UIView+additions.m"; sourceTree = "<group>"; };
		F369E1FE1E7BBD4500E8C138 /* UIToolViewTextField.h */ = {isa = PBXFileReference; fileEncoding = 4; lastKnownFileType = sourcecode.c.h; path = UIToolViewTextField.h; sourceTree = "<group>"; };
		F369E1FF1E7BBD4500E8C138 /* UIToolViewTextField.m */ = {isa = PBXFileReference; fileEncoding = 4; lastKnownFileType = sourcecode.c.objc; path = UIToolViewTextField.m; sourceTree = "<group>"; };
		F369E2021E7BC6F000E8C138 /* LoginView.h */ = {isa = PBXFileReference; fileEncoding = 4; lastKnownFileType = sourcecode.c.h; path = LoginView.h; sourceTree = "<group>"; };
		F369E2031E7BC6F000E8C138 /* LoginView.m */ = {isa = PBXFileReference; fileEncoding = 4; lastKnownFileType = sourcecode.c.objc; path = LoginView.m; sourceTree = "<group>"; };
		F369E2051E7BC70A00E8C138 /* VerifyView.h */ = {isa = PBXFileReference; fileEncoding = 4; lastKnownFileType = sourcecode.c.h; path = VerifyView.h; sourceTree = "<group>"; };
		F369E2061E7BC70A00E8C138 /* VerifyView.m */ = {isa = PBXFileReference; fileEncoding = 4; lastKnownFileType = sourcecode.c.objc; path = VerifyView.m; sourceTree = "<group>"; };
		F369E2091E7BCA8B00E8C138 /* LoginHandle.h */ = {isa = PBXFileReference; fileEncoding = 4; lastKnownFileType = sourcecode.c.h; path = LoginHandle.h; sourceTree = "<group>"; };
		F369E20A1E7BCA8B00E8C138 /* LoginHandle.m */ = {isa = PBXFileReference; fileEncoding = 4; lastKnownFileType = sourcecode.c.objc; path = LoginHandle.m; sourceTree = "<group>"; };
		F369E20F1E7F795700E8C138 /* BlockDefine.h */ = {isa = PBXFileReference; lastKnownFileType = sourcecode.c.h; path = BlockDefine.h; sourceTree = "<group>"; };
		F369E2151E80F62700E8C138 /* OrderListCell.h */ = {isa = PBXFileReference; fileEncoding = 4; lastKnownFileType = sourcecode.c.h; path = OrderListCell.h; sourceTree = "<group>"; };
		F369E2161E80F62700E8C138 /* OrderListCell.m */ = {isa = PBXFileReference; fileEncoding = 4; lastKnownFileType = sourcecode.c.objc; path = OrderListCell.m; sourceTree = "<group>"; };
		F369E21B1E80F91B00E8C138 /* BaseModel.h */ = {isa = PBXFileReference; fileEncoding = 4; lastKnownFileType = sourcecode.c.h; path = BaseModel.h; sourceTree = "<group>"; };
		F369E21C1E80F91B00E8C138 /* BaseModel.m */ = {isa = PBXFileReference; fileEncoding = 4; lastKnownFileType = sourcecode.c.objc; path = BaseModel.m; sourceTree = "<group>"; };
		F369E21E1E80F97F00E8C138 /* OrderListModel.h */ = {isa = PBXFileReference; fileEncoding = 4; lastKnownFileType = sourcecode.c.h; path = OrderListModel.h; sourceTree = "<group>"; };
		F369E21F1E80F97F00E8C138 /* OrderListModel.m */ = {isa = PBXFileReference; fileEncoding = 4; lastKnownFileType = sourcecode.c.objc; path = OrderListModel.m; sourceTree = "<group>"; };
		F378081A1E56C83A0057A57A /* AmapViewController.h */ = {isa = PBXFileReference; fileEncoding = 4; lastKnownFileType = sourcecode.c.h; path = AmapViewController.h; sourceTree = "<group>"; };
		F378081B1E56C83A0057A57A /* AmapViewController.m */ = {isa = PBXFileReference; fileEncoding = 4; lastKnownFileType = sourcecode.c.objc; path = AmapViewController.m; sourceTree = "<group>"; };
		F378081D1E56D1D10057A57A /* AmapNaviViewController.h */ = {isa = PBXFileReference; fileEncoding = 4; lastKnownFileType = sourcecode.c.h; path = AmapNaviViewController.h; sourceTree = "<group>"; };
		F378081E1E56D1D10057A57A /* AmapNaviViewController.m */ = {isa = PBXFileReference; fileEncoding = 4; lastKnownFileType = sourcecode.c.objc; path = AmapNaviViewController.m; sourceTree = "<group>"; };
		F37AF43F1E727E9E00161008 /* NaviSpeechHelp.h */ = {isa = PBXFileReference; fileEncoding = 4; lastKnownFileType = sourcecode.c.h; path = NaviSpeechHelp.h; sourceTree = "<group>"; };
		F37AF4401E727E9E00161008 /* NaviSpeechHelp.m */ = {isa = PBXFileReference; fileEncoding = 4; lastKnownFileType = sourcecode.c.objc; path = NaviSpeechHelp.m; sourceTree = "<group>"; };
		F37C58AB1E5FC0010098B80E /* AutoNaviSampleTests.xctest */ = {isa = PBXFileReference; explicitFileType = wrapper.cfbundle; includeInIndex = 0; path = AutoNaviSampleTests.xctest; sourceTree = BUILT_PRODUCTS_DIR; };
		F37C58AD1E5FC0010098B80E /* AutoNaviSampleTests.m */ = {isa = PBXFileReference; lastKnownFileType = sourcecode.c.objc; path = AutoNaviSampleTests.m; sourceTree = "<group>"; };
		F37C58AF1E5FC0010098B80E /* Info.plist */ = {isa = PBXFileReference; lastKnownFileType = text.plist.xml; path = Info.plist; sourceTree = "<group>"; };
		F37C58B91E5FC01E0098B80E /* AutoNaviSampleUITests.xctest */ = {isa = PBXFileReference; explicitFileType = wrapper.cfbundle; includeInIndex = 0; path = AutoNaviSampleUITests.xctest; sourceTree = BUILT_PRODUCTS_DIR; };
		F37C58BB1E5FC01E0098B80E /* AutoNaviSampleUITests.m */ = {isa = PBXFileReference; lastKnownFileType = sourcecode.c.objc; path = AutoNaviSampleUITests.m; sourceTree = "<group>"; };
		F37C58BD1E5FC01E0098B80E /* Info.plist */ = {isa = PBXFileReference; lastKnownFileType = text.plist.xml; path = Info.plist; sourceTree = "<group>"; };
		F3894B031E6CF24B00ECB8F1 /* AmapRouteNaviViewController.h */ = {isa = PBXFileReference; fileEncoding = 4; lastKnownFileType = sourcecode.c.h; path = AmapRouteNaviViewController.h; sourceTree = "<group>"; };
		F3894B041E6CF24B00ECB8F1 /* AmapRouteNaviViewController.m */ = {isa = PBXFileReference; fileEncoding = 4; lastKnownFileType = sourcecode.c.objc; path = AmapRouteNaviViewController.m; sourceTree = "<group>"; };
		F3894B071E6CF9E200ECB8F1 /* arriveAlertView.h */ = {isa = PBXFileReference; fileEncoding = 4; lastKnownFileType = sourcecode.c.h; path = arriveAlertView.h; sourceTree = "<group>"; };
		F3894B081E6CF9E200ECB8F1 /* arriveAlertView.m */ = {isa = PBXFileReference; fileEncoding = 4; lastKnownFileType = sourcecode.c.objc; path = arriveAlertView.m; sourceTree = "<group>"; };
		F3894B0A1E6CFC1C00ECB8F1 /* UIView+HUDExtensions.h */ = {isa = PBXFileReference; fileEncoding = 4; lastKnownFileType = sourcecode.c.h; path = "UIView+HUDExtensions.h"; sourceTree = "<group>"; };
		F3894B0B1E6CFC1C00ECB8F1 /* UIView+HUDExtensions.m */ = {isa = PBXFileReference; fileEncoding = 4; lastKnownFileType = sourcecode.c.objc; path = "UIView+HUDExtensions.m"; sourceTree = "<group>"; };
		F38C57071E5BD3CF001382DB /* NaviMoreView.h */ = {isa = PBXFileReference; fileEncoding = 4; lastKnownFileType = sourcecode.c.h; path = NaviMoreView.h; sourceTree = "<group>"; };
		F38C57081E5BD3CF001382DB /* NaviMoreView.m */ = {isa = PBXFileReference; fileEncoding = 4; lastKnownFileType = sourcecode.c.objc; path = NaviMoreView.m; sourceTree = "<group>"; };
		F392834F1E83CD4E00896FFD /* CarNumCell.h */ = {isa = PBXFileReference; fileEncoding = 4; lastKnownFileType = sourcecode.c.h; path = CarNumCell.h; sourceTree = "<group>"; };
		F39283501E83CD4E00896FFD /* CarNumCell.m */ = {isa = PBXFileReference; fileEncoding = 4; lastKnownFileType = sourcecode.c.objc; path = CarNumCell.m; sourceTree = "<group>"; };
		F39283591E88AB5200896FFD /* ProgressBarView.h */ = {isa = PBXFileReference; fileEncoding = 4; lastKnownFileType = sourcecode.c.h; path = ProgressBarView.h; sourceTree = "<group>"; };
		F392835A1E88AB5200896FFD /* ProgressBarView.m */ = {isa = PBXFileReference; fileEncoding = 4; lastKnownFileType = sourcecode.c.objc; path = ProgressBarView.m; sourceTree = "<group>"; };
		F39283601E88ADBC00896FFD /* UIColor+RGBValues.h */ = {isa = PBXFileReference; fileEncoding = 4; lastKnownFileType = sourcecode.c.h; path = "UIColor+RGBValues.h"; sourceTree = "<group>"; };
		F39283611E88ADBC00896FFD /* UIColor+RGBValues.m */ = {isa = PBXFileReference; fileEncoding = 4; lastKnownFileType = sourcecode.c.objc; path = "UIColor+RGBValues.m"; sourceTree = "<group>"; };
		F39283631E89172E00896FFD /* OfflLineMapCell.h */ = {isa = PBXFileReference; fileEncoding = 4; lastKnownFileType = sourcecode.c.h; path = OfflLineMapCell.h; sourceTree = "<group>"; };
		F39283641E89172E00896FFD /* OfflLineMapCell.m */ = {isa = PBXFileReference; fileEncoding = 4; lastKnownFileType = sourcecode.c.objc; path = OfflLineMapCell.m; sourceTree = "<group>"; };
		F39BFD241E6E813A00F4A9B2 /* notificationCenter.h */ = {isa = PBXFileReference; fileEncoding = 4; lastKnownFileType = sourcecode.c.h; path = notificationCenter.h; sourceTree = "<group>"; };
		F39BFD251E6E813A00F4A9B2 /* notificationCenter.m */ = {isa = PBXFileReference; fileEncoding = 4; lastKnownFileType = sourcecode.c.objc; path = notificationCenter.m; sourceTree = "<group>"; };
		F39BFD271E6E859F00F4A9B2 /* MapKit.framework */ = {isa = PBXFileReference; lastKnownFileType = wrapper.framework; name = MapKit.framework; path = System/Library/Frameworks/MapKit.framework; sourceTree = SDKROOT; };
		F39BFD2D1E6FA7CF00F4A9B2 /* NaviMapHelp.h */ = {isa = PBXFileReference; fileEncoding = 4; lastKnownFileType = sourcecode.c.h; path = NaviMapHelp.h; sourceTree = "<group>"; };
		F39BFD2E1E6FA7CF00F4A9B2 /* NaviMapHelp.m */ = {isa = PBXFileReference; fileEncoding = 4; lastKnownFileType = sourcecode.c.objc; path = NaviMapHelp.m; sourceTree = "<group>"; };
		F3A67DA41E712346003F81F4 /* NaviPointAnnotation.h */ = {isa = PBXFileReference; fileEncoding = 4; lastKnownFileType = sourcecode.c.h; path = NaviPointAnnotation.h; sourceTree = "<group>"; };
		F3A67DA51E712346003F81F4 /* NaviPointAnnotation.m */ = {isa = PBXFileReference; fileEncoding = 4; lastKnownFileType = sourcecode.c.objc; path = NaviPointAnnotation.m; sourceTree = "<group>"; };
		F3AA4C271E77F22900D20214 /* MineViewController.h */ = {isa = PBXFileReference; fileEncoding = 4; lastKnownFileType = sourcecode.c.h; path = MineViewController.h; sourceTree = "<group>"; };
		F3AA4C281E77F22900D20214 /* MineViewController.m */ = {isa = PBXFileReference; fileEncoding = 4; lastKnownFileType = sourcecode.c.objc; path = MineViewController.m; sourceTree = "<group>"; };
		F3AA4C2F1E78DFC000D20214 /* UIImage+blur.h */ = {isa = PBXFileReference; fileEncoding = 4; lastKnownFileType = sourcecode.c.h; path = "UIImage+blur.h"; sourceTree = "<group>"; };
		F3AA4C301E78DFC000D20214 /* UIImage+blur.m */ = {isa = PBXFileReference; fileEncoding = 4; lastKnownFileType = sourcecode.c.objc; path = "UIImage+blur.m"; sourceTree = "<group>"; };
		F3AA4C321E78E21900D20214 /* UIView+instrument.h */ = {isa = PBXFileReference; fileEncoding = 4; lastKnownFileType = sourcecode.c.h; path = "UIView+instrument.h"; sourceTree = "<group>"; };
		F3AA4C331E78E21900D20214 /* UIView+instrument.m */ = {isa = PBXFileReference; fileEncoding = 4; lastKnownFileType = sourcecode.c.objc; path = "UIView+instrument.m"; sourceTree = "<group>"; };
		F3AA4C361E79144A00D20214 /* SlidebarViewController.h */ = {isa = PBXFileReference; fileEncoding = 4; lastKnownFileType = sourcecode.c.h; path = SlidebarViewController.h; sourceTree = "<group>"; };
		F3AA4C371E79144A00D20214 /* SlidebarViewController.m */ = {isa = PBXFileReference; fileEncoding = 4; lastKnownFileType = sourcecode.c.objc; path = SlidebarViewController.m; sourceTree = "<group>"; };
		F3AA4C3A1E791F7200D20214 /* SlidebarMenu.h */ = {isa = PBXFileReference; fileEncoding = 4; lastKnownFileType = sourcecode.c.h; path = SlidebarMenu.h; sourceTree = "<group>"; };
		F3AA4C3B1E791F7200D20214 /* SlidebarMenu.m */ = {isa = PBXFileReference; fileEncoding = 4; lastKnownFileType = sourcecode.c.objc; path = SlidebarMenu.m; sourceTree = "<group>"; };
		F3AA4C441E7920EF00D20214 /* UIViewController+SlidebarMenu.h */ = {isa = PBXFileReference; fileEncoding = 4; lastKnownFileType = sourcecode.c.h; path = "UIViewController+SlidebarMenu.h"; sourceTree = "<group>"; };
		F3AA4C451E7920EF00D20214 /* UIViewController+SlidebarMenu.m */ = {isa = PBXFileReference; fileEncoding = 4; lastKnownFileType = sourcecode.c.objc; path = "UIViewController+SlidebarMenu.m"; sourceTree = "<group>"; };
		F3AA4C4B1E79230600D20214 /* SlidebarFunctions.h */ = {isa = PBXFileReference; fileEncoding = 4; lastKnownFileType = sourcecode.c.h; path = SlidebarFunctions.h; sourceTree = "<group>"; };
		F3AA4C4C1E79230600D20214 /* SlidebarFunctions.m */ = {isa = PBXFileReference; fileEncoding = 4; lastKnownFileType = sourcecode.c.objc; path = SlidebarFunctions.m; sourceTree = "<group>"; };
		F3B9387B1E6E7A1D0014A80E /* UserNotifications.framework */ = {isa = PBXFileReference; lastKnownFileType = wrapper.framework; name = UserNotifications.framework; path = System/Library/Frameworks/UserNotifications.framework; sourceTree = SDKROOT; };
		F3D35D8F1E5695850055194D /* AutoNaviSample.app */ = {isa = PBXFileReference; explicitFileType = wrapper.application; includeInIndex = 0; path = AutoNaviSample.app; sourceTree = BUILT_PRODUCTS_DIR; };
		F3D35D931E5695850055194D /* main.m */ = {isa = PBXFileReference; lastKnownFileType = sourcecode.c.objc; path = main.m; sourceTree = "<group>"; };
		F3D35D951E5695850055194D /* AppDelegate.h */ = {isa = PBXFileReference; lastKnownFileType = sourcecode.c.h; path = AppDelegate.h; sourceTree = "<group>"; };
		F3D35D961E5695850055194D /* AppDelegate.m */ = {isa = PBXFileReference; lastKnownFileType = sourcecode.c.objc; path = AppDelegate.m; sourceTree = "<group>"; };
		F3D35D981E5695850055194D /* Assets.xcassets */ = {isa = PBXFileReference; lastKnownFileType = folder.assetcatalog; path = Assets.xcassets; sourceTree = "<group>"; };
		F3D35D9D1E5695850055194D /* Info.plist */ = {isa = PBXFileReference; lastKnownFileType = text.plist.xml; path = Info.plist; sourceTree = "<group>"; };
		F3D35DAA1E56967C0055194D /* BaesTableViewCell.h */ = {isa = PBXFileReference; fileEncoding = 4; lastKnownFileType = sourcecode.c.h; path = BaesTableViewCell.h; sourceTree = "<group>"; };
		F3D35DAB1E56967C0055194D /* BaesTableViewCell.m */ = {isa = PBXFileReference; fileEncoding = 4; lastKnownFileType = sourcecode.c.objc; path = BaesTableViewCell.m; sourceTree = "<group>"; };
		F3D35DAC1E56967C0055194D /* BaseTableView.h */ = {isa = PBXFileReference; fileEncoding = 4; lastKnownFileType = sourcecode.c.h; path = BaseTableView.h; sourceTree = "<group>"; };
		F3D35DAD1E56967C0055194D /* BaseTableView.m */ = {isa = PBXFileReference; fileEncoding = 4; lastKnownFileType = sourcecode.c.objc; path = BaseTableView.m; sourceTree = "<group>"; };
		F3D35DAE1E56967C0055194D /* BaseViewController.h */ = {isa = PBXFileReference; fileEncoding = 4; lastKnownFileType = sourcecode.c.h; path = BaseViewController.h; sourceTree = "<group>"; };
		F3D35DAF1E56967C0055194D /* BaseViewController.m */ = {isa = PBXFileReference; fileEncoding = 4; lastKnownFileType = sourcecode.c.objc; path = BaseViewController.m; sourceTree = "<group>"; };
		F3D35DBF1E56967C0055194D /* common.h */ = {isa = PBXFileReference; fileEncoding = 4; lastKnownFileType = sourcecode.c.h; path = common.h; sourceTree = "<group>"; };
		F3D35DC01E56967C0055194D /* common.m */ = {isa = PBXFileReference; fileEncoding = 4; lastKnownFileType = sourcecode.c.objc; path = common.m; sourceTree = "<group>"; };
		F3D35DC21E56967C0055194D /* constants.h */ = {isa = PBXFileReference; fileEncoding = 4; lastKnownFileType = sourcecode.c.h; path = constants.h; sourceTree = "<group>"; };
		F3D35DC31E56967C0055194D /* noticeConstant.h */ = {isa = PBXFileReference; fileEncoding = 4; lastKnownFileType = sourcecode.c.h; path = noticeConstant.h; sourceTree = "<group>"; };
		F3D35DC71E56967C0055194D /* BaseUser.h */ = {isa = PBXFileReference; fileEncoding = 4; lastKnownFileType = sourcecode.c.h; path = BaseUser.h; sourceTree = "<group>"; };
		F3D35DC81E56967C0055194D /* BaseUser.m */ = {isa = PBXFileReference; fileEncoding = 4; lastKnownFileType = sourcecode.c.objc; path = BaseUser.m; sourceTree = "<group>"; };
		F3D35DD51E5699670055194D /* PrefixHeader.pch */ = {isa = PBXFileReference; lastKnownFileType = sourcecode.c.h; path = PrefixHeader.pch; sourceTree = "<group>"; };
		F3D35DD61E56C3200055194D /* constanscode.h */ = {isa = PBXFileReference; lastKnownFileType = sourcecode.c.h; path = constanscode.h; sourceTree = "<group>"; };
/* End PBXFileReference section */

/* Begin PBXFrameworksBuildPhase section */
		F37C58A81E5FC0010098B80E /* Frameworks */ = {
			isa = PBXFrameworksBuildPhase;
			buildActionMask = 2147483647;
			files = (
			);
			runOnlyForDeploymentPostprocessing = 0;
		};
		F37C58B61E5FC01E0098B80E /* Frameworks */ = {
			isa = PBXFrameworksBuildPhase;
			buildActionMask = 2147483647;
			files = (
			);
			runOnlyForDeploymentPostprocessing = 0;
		};
		F3D35D8C1E5695850055194D /* Frameworks */ = {
			isa = PBXFrameworksBuildPhase;
			buildActionMask = 2147483647;
			files = (
				F3B9387C1E6E7A1D0014A80E /* UserNotifications.framework in Frameworks */,
				F39BFD281E6E859F00F4A9B2 /* MapKit.framework in Frameworks */,
				658BFD7618B23B703D376BE4 /* libPods-AutoNaviSample.a in Frameworks */,
			);
			runOnlyForDeploymentPostprocessing = 0;
		};
/* End PBXFrameworksBuildPhase section */

/* Begin PBXGroup section */
		B3D846F6AE03637C016AEC3A /* Frameworks */ = {
			isa = PBXGroup;
			children = (
				F39BFD271E6E859F00F4A9B2 /* MapKit.framework */,
				F3B9387B1E6E7A1D0014A80E /* UserNotifications.framework */,
				DECFBA8A288EFEA96FADCDE0 /* libPods-AutoNaviSample.a */,
			);
			name = Frameworks;
			sourceTree = "<group>";
		};
		E66CBA06968A6F96318B5BB4 /* Pods */ = {
			isa = PBXGroup;
			children = (
				895E8BFDD71A0A1F03568DFE /* Pods-AutoNaviSample.debug.xcconfig */,
				7A7E29ECF72D6F9A4B2E9F11 /* Pods-AutoNaviSample.release.xcconfig */,
			);
			name = Pods;
			sourceTree = "<group>";
		};
		F33E78201E8109270078F7BB /* models */ = {
			isa = PBXGroup;
			children = (
				F33E78321E81135D0078F7BB /* offlineMapHandleModel */,
			);
			path = models;
			sourceTree = "<group>";
		};
		F33E78211E8109270078F7BB /* subViews */ = {
			isa = PBXGroup;
			children = (
				F33E78491E825AC20078F7BB /* offlineMapViewController.h */,
				F33E784A1E825AC20078F7BB /* offlineMapViewController.m */,
				F33E782C1E810B8D0078F7BB /* carInfoViewController.h */,
				F33E782D1E810B8D0078F7BB /* carInfoViewController.m */,
				F33E78431E8250970078F7BB /* RoutePreferencesViewController.h */,
				F33E78441E8250970078F7BB /* RoutePreferencesViewController.m */,
				F33E78461E825AC20078F7BB /* cusSubView */,
				F33E78251E8109880078F7BB /* cusCell */,
			);
			path = subViews;
			sourceTree = "<group>";
		};
		F33E78251E8109880078F7BB /* cusCell */ = {
			isa = PBXGroup;
			children = (
				F39283631E89172E00896FFD /* OfflLineMapCell.h */,
				F39283641E89172E00896FFD /* OfflLineMapCell.m */,
				F33E78261E8109880078F7BB /* OptionsListCell.h */,
				F33E78271E8109880078F7BB /* OptionsListCell.m */,
				F33E78391E8243F20078F7BB /* CarInfoEditCell.h */,
				F33E783A1E8243F20078F7BB /* CarInfoEditCell.m */,
				F392834F1E83CD4E00896FFD /* CarNumCell.h */,
				F39283501E83CD4E00896FFD /* CarNumCell.m */,
			);
			path = cusCell;
			sourceTree = "<group>";
		};
		F33E78321E81135D0078F7BB /* offlineMapHandleModel */ = {
			isa = PBXGroup;
			children = (
				F33E78331E8113940078F7BB /* offlineMapHandle.h */,
				F33E78341E8113940078F7BB /* offlineMapHandle.m */,
				F33E78361E8119550078F7BB /* OffLineItemHandelModel.h */,
				F33E78371E8119550078F7BB /* OffLineItemHandelModel.m */,
			);
			path = offlineMapHandleModel;
			sourceTree = "<group>";
		};
		F33E78461E825AC20078F7BB /* cusSubView */ = {
			isa = PBXGroup;
			children = (
				F33E784D1E825B0F0078F7BB /* attributionView.h */,
				F33E784E1E825B0F0078F7BB /* attributionView.m */,
				F33E78471E825AC20078F7BB /* offlineMapHeadView.h */,
				F33E78481E825AC20078F7BB /* offlineMapHeadView.m */,
			);
			path = cusSubView;
			sourceTree = "<group>";
		};
		F34EEFC11E5A7880006DBC5B /* NaviCusView */ = {
			isa = PBXGroup;
			children = (
				F38C57061E5BD3B1001382DB /* NaviMoreView */,
				F34EEFC51E5A79BE006DBC5B /* RouteCollectionViewCell */,
				F34EEFC21E5A78B3006DBC5B /* PreferenceView.h */,
				F34EEFC31E5A78B3006DBC5B /* PreferenceView.m */,
			);
			path = NaviCusView;
			sourceTree = "<group>";
		};
		F34EEFC51E5A79BE006DBC5B /* RouteCollectionViewCell */ = {
			isa = PBXGroup;
			children = (
				F34EEFC61E5A79FD006DBC5B /* RouteCollectionViewCell.h */,
				F34EEFC71E5A79FD006DBC5B /* RouteCollectionViewCell.m */,
			);
			path = RouteCollectionViewCell;
			sourceTree = "<group>";
		};
		F34EEFC91E5A7CD5006DBC5B /* SelectableOverlay */ = {
			isa = PBXGroup;
			children = (
				F34EEFCA1E5A7CEF006DBC5B /* SelectableOverlay.h */,
				F34EEFCB1E5A7CEF006DBC5B /* SelectableOverlay.m */,
			);
			path = SelectableOverlay;
			sourceTree = "<group>";
		};
		F369E1E81E7BA94900E8C138 /* OrderViewControllers */ = {
			isa = PBXGroup;
			children = (
				F369E1E91E7BA96600E8C138 /* OrderViewController.h */,
				F369E1EA1E7BA96600E8C138 /* OrderViewController.m */,
				F369E2101E80F57500E8C138 /* models */,
				F369E2111E80F57500E8C138 /* subViews */,
			);
			path = OrderViewControllers;
			sourceTree = "<group>";
		};
		F369E1EC1E7BA9D800E8C138 /* OptionsViewControllers */ = {
			isa = PBXGroup;
			children = (
				F369E1ED1E7BA9F900E8C138 /* OptionsViewController.h */,
				F369E1EE1E7BA9F900E8C138 /* OptionsViewController.m */,
				F33E78201E8109270078F7BB /* models */,
				F33E78211E8109270078F7BB /* subViews */,
			);
			path = OptionsViewControllers;
			sourceTree = "<group>";
		};
		F369E1F01E7BB2FF00E8C138 /* LoginViewControllers */ = {
			isa = PBXGroup;
			children = (
				F369E1F41E7BB4D500E8C138 /* LoginViewController.h */,
				F369E1F51E7BB4D500E8C138 /* LoginViewController.m */,
				F369E2081E7BCA6E00E8C138 /* model */,
				F369E2011E7BC6A000E8C138 /* subViews */,
			);
			path = LoginViewControllers;
			sourceTree = "<group>";
		};
		F369E1FD1E7BBD2600E8C138 /* UIToolViewTextField */ = {
			isa = PBXGroup;
			children = (
				F369E1FE1E7BBD4500E8C138 /* UIToolViewTextField.h */,
				F369E1FF1E7BBD4500E8C138 /* UIToolViewTextField.m */,
			);
			path = UIToolViewTextField;
			sourceTree = "<group>";
		};
		F369E2011E7BC6A000E8C138 /* subViews */ = {
			isa = PBXGroup;
			children = (
				F369E2021E7BC6F000E8C138 /* LoginView.h */,
				F369E2031E7BC6F000E8C138 /* LoginView.m */,
				F369E2051E7BC70A00E8C138 /* VerifyView.h */,
				F369E2061E7BC70A00E8C138 /* VerifyView.m */,
			);
			path = subViews;
			sourceTree = "<group>";
		};
		F369E2081E7BCA6E00E8C138 /* model */ = {
			isa = PBXGroup;
			children = (
				F369E2091E7BCA8B00E8C138 /* LoginHandle.h */,
				F369E20A1E7BCA8B00E8C138 /* LoginHandle.m */,
			);
			path = model;
			sourceTree = "<group>";
		};
		F369E2101E80F57500E8C138 /* models */ = {
			isa = PBXGroup;
			children = (
				F369E21E1E80F97F00E8C138 /* OrderListModel.h */,
				F369E21F1E80F97F00E8C138 /* OrderListModel.m */,
			);
			path = models;
			sourceTree = "<group>";
		};
		F369E2111E80F57500E8C138 /* subViews */ = {
			isa = PBXGroup;
			children = (
				F369E2151E80F62700E8C138 /* OrderListCell.h */,
				F369E2161E80F62700E8C138 /* OrderListCell.m */,
			);
			path = subViews;
			sourceTree = "<group>";
		};
		F37C58AC1E5FC0010098B80E /* AutoNaviSampleTests */ = {
			isa = PBXGroup;
			children = (
				F37C58AD1E5FC0010098B80E /* AutoNaviSampleTests.m */,
				F37C58AF1E5FC0010098B80E /* Info.plist */,
			);
			path = AutoNaviSampleTests;
			sourceTree = "<group>";
		};
		F37C58BA1E5FC01E0098B80E /* AutoNaviSampleUITests */ = {
			isa = PBXGroup;
			children = (
				F37C58BB1E5FC01E0098B80E /* AutoNaviSampleUITests.m */,
				F37C58BD1E5FC01E0098B80E /* Info.plist */,
			);
			path = AutoNaviSampleUITests;
			sourceTree = "<group>";
		};
		F3894B061E6CF9A500ECB8F1 /* noticeAlertView */ = {
			isa = PBXGroup;
			children = (
				F3894B071E6CF9E200ECB8F1 /* arriveAlertView.h */,
				F3894B081E6CF9E200ECB8F1 /* arriveAlertView.m */,
			);
			path = noticeAlertView;
			sourceTree = "<group>";
		};
		F38C57061E5BD3B1001382DB /* NaviMoreView */ = {
			isa = PBXGroup;
			children = (
				F38C57071E5BD3CF001382DB /* NaviMoreView.h */,
				F38C57081E5BD3CF001382DB /* NaviMoreView.m */,
			);
			path = NaviMoreView;
			sourceTree = "<group>";
		};
		F39283581E88AB3A00896FFD /* ProgressBarView */ = {
			isa = PBXGroup;
			children = (
				F39283591E88AB5200896FFD /* ProgressBarView.h */,
				F392835A1E88AB5200896FFD /* ProgressBarView.m */,
			);
			path = ProgressBarView;
			sourceTree = "<group>";
		};
		F392835F1E88ADA000896FFD /* UIColor */ = {
			isa = PBXGroup;
			children = (
				F39283601E88ADBC00896FFD /* UIColor+RGBValues.h */,
				F39283611E88ADBC00896FFD /* UIColor+RGBValues.m */,
			);
			path = UIColor;
			sourceTree = "<group>";
		};
		F39BFD291E6FA77100F4A9B2 /* NaviMapHelp */ = {
			isa = PBXGroup;
			children = (
				F39BFD2D1E6FA7CF00F4A9B2 /* NaviMapHelp.h */,
				F39BFD2E1E6FA7CF00F4A9B2 /* NaviMapHelp.m */,
				F37AF43F1E727E9E00161008 /* NaviSpeechHelp.h */,
				F37AF4401E727E9E00161008 /* NaviSpeechHelp.m */,
				F3A67DA41E712346003F81F4 /* NaviPointAnnotation.h */,
				F3A67DA51E712346003F81F4 /* NaviPointAnnotation.m */,
			);
			path = NaviMapHelp;
			sourceTree = "<group>";
		};
		F3AA4C261E77F22900D20214 /* MineViewControllers */ = {
			isa = PBXGroup;
			children = (
				F3AA4C271E77F22900D20214 /* MineViewController.h */,
				F3AA4C281E77F22900D20214 /* MineViewController.m */,
			);
			path = MineViewControllers;
			sourceTree = "<group>";
		};
		F3AA4C2E1E78DF8200D20214 /* UIImage */ = {
			isa = PBXGroup;
			children = (
				F3AA4C2F1E78DFC000D20214 /* UIImage+blur.h */,
				F3AA4C301E78DFC000D20214 /* UIImage+blur.m */,
			);
			path = UIImage;
			sourceTree = "<group>";
		};
		F3AA4C351E79143500D20214 /* SlidebarViewControllers */ = {
			isa = PBXGroup;
			children = (
				F3AA4C361E79144A00D20214 /* SlidebarViewController.h */,
				F3AA4C371E79144A00D20214 /* SlidebarViewController.m */,
			);
			path = SlidebarViewControllers;
			sourceTree = "<group>";
		};
		F3AA4C391E791F5300D20214 /* SlidebarMenu */ = {
			isa = PBXGroup;
			children = (
				F3AA4C3A1E791F7200D20214 /* SlidebarMenu.h */,
				F3AA4C3B1E791F7200D20214 /* SlidebarMenu.m */,
				F3AA4C4B1E79230600D20214 /* SlidebarFunctions.h */,
				F3AA4C4C1E79230600D20214 /* SlidebarFunctions.m */,
			);
			path = SlidebarMenu;
			sourceTree = "<group>";
		};
		F3AA4C401E7920BB00D20214 /* UIViewController */ = {
			isa = PBXGroup;
			children = (
				F3AA4C441E7920EF00D20214 /* UIViewController+SlidebarMenu.h */,
				F3AA4C451E7920EF00D20214 /* UIViewController+SlidebarMenu.m */,
			);
			path = UIViewController;
			sourceTree = "<group>";
		};
		F3B9387D1E6E80C70014A80E /* notificationCenter */ = {
			isa = PBXGroup;
			children = (
				F39BFD241E6E813A00F4A9B2 /* notificationCenter.h */,
				F39BFD251E6E813A00F4A9B2 /* notificationCenter.m */,
			);
			path = notificationCenter;
			sourceTree = "<group>";
		};
		F3D35D861E5695840055194D = {
			isa = PBXGroup;
			children = (
				F3D35D911E5695850055194D /* AutoNaviSample */,
				F37C58AC1E5FC0010098B80E /* AutoNaviSampleTests */,
				F37C58BA1E5FC01E0098B80E /* AutoNaviSampleUITests */,
				F3D35D901E5695850055194D /* Products */,
				E66CBA06968A6F96318B5BB4 /* Pods */,
				B3D846F6AE03637C016AEC3A /* Frameworks */,
			);
			sourceTree = "<group>";
		};
		F3D35D901E5695850055194D /* Products */ = {
			isa = PBXGroup;
			children = (
				F3D35D8F1E5695850055194D /* AutoNaviSample.app */,
				F37C58AB1E5FC0010098B80E /* AutoNaviSampleTests.xctest */,
				F37C58B91E5FC01E0098B80E /* AutoNaviSampleUITests.xctest */,
			);
			name = Products;
			sourceTree = "<group>";
		};
		F3D35D911E5695850055194D /* AutoNaviSample */ = {
			isa = PBXGroup;
			children = (
				F3D35D951E5695850055194D /* AppDelegate.h */,
				F3D35D961E5695850055194D /* AppDelegate.m */,
				F3D35DA71E56967C0055194D /* Classes */,
				F3D35DD11E56969C0055194D /* Supporting Files */,
			);
			path = AutoNaviSample;
			sourceTree = "<group>";
		};
		F3D35DA71E56967C0055194D /* Classes */ = {
			isa = PBXGroup;
			children = (
				F3D35DA81E56967C0055194D /* 3rdLibrarys */,
				F3D35DA91E56967C0055194D /* Base */,
				F3D35DB01E56967C0055194D /* Categories */,
				F3D35DBE1E56967C0055194D /* Common */,
				F3D35DC11E56967C0055194D /* Constant */,
				F3D35DC41E56967C0055194D /* HTTP */,
				F3D35DC51E56967C0055194D /* Models */,
				F3D35DC91E56967C0055194D /* Utilities */,
				F3D35DCA1E56967C0055194D /* ViewControllers */,
				F3D35DCB1E56967C0055194D /* Views */,
			);
			path = Classes;
			sourceTree = "<group>";
		};
		F3D35DA81E56967C0055194D /* 3rdLibrarys */ = {
			isa = PBXGroup;
			children = (
			);
			path = 3rdLibrarys;
			sourceTree = "<group>";
		};
		F3D35DA91E56967C0055194D /* Base */ = {
			isa = PBXGroup;
			children = (
				F3D35DAC1E56967C0055194D /* BaseTableView.h */,
				F3D35DAD1E56967C0055194D /* BaseTableView.m */,
				F3D35DAA1E56967C0055194D /* BaesTableViewCell.h */,
				F3D35DAB1E56967C0055194D /* BaesTableViewCell.m */,
				F3D35DAE1E56967C0055194D /* BaseViewController.h */,
				F3D35DAF1E56967C0055194D /* BaseViewController.m */,
				F34249FF1E5C1F88000DEEF5 /* BaseNaviViewController.h */,
				F3424A001E5C1F88000DEEF5 /* BaseNaviViewController.m */,
			);
			path = Base;
			sourceTree = "<group>";
		};
		F3D35DB01E56967C0055194D /* Categories */ = {
			isa = PBXGroup;
			children = (
				F392835F1E88ADA000896FFD /* UIColor */,
				F3AA4C401E7920BB00D20214 /* UIViewController */,
				F3AA4C2E1E78DF8200D20214 /* UIImage */,
				F3D35DBD1E56967C0055194D /* UIView */,
			);
			path = Categories;
			sourceTree = "<group>";
		};
		F3D35DBD1E56967C0055194D /* UIView */ = {
			isa = PBXGroup;
			children = (
				F3894B0A1E6CFC1C00ECB8F1 /* UIView+HUDExtensions.h */,
				F3894B0B1E6CFC1C00ECB8F1 /* UIView+HUDExtensions.m */,
				F3AA4C321E78E21900D20214 /* UIView+instrument.h */,
				F3AA4C331E78E21900D20214 /* UIView+instrument.m */,
				F369E1FA1E7BB63600E8C138 /* UIView+additions.h */,
				F369E1FB1E7BB63600E8C138 /* UIView+additions.m */,
			);
			path = UIView;
			sourceTree = "<group>";
		};
		F3D35DBE1E56967C0055194D /* Common */ = {
			isa = PBXGroup;
			children = (
				F3D35DBF1E56967C0055194D /* common.h */,
				F3D35DC01E56967C0055194D /* common.m */,
			);
			path = Common;
			sourceTree = "<group>";
		};
		F3D35DC11E56967C0055194D /* Constant */ = {
			isa = PBXGroup;
			children = (
				F3D35DC21E56967C0055194D /* constants.h */,
				F3D35DD61E56C3200055194D /* constanscode.h */,
				F369E20F1E7F795700E8C138 /* BlockDefine.h */,
				F3D35DC31E56967C0055194D /* noticeConstant.h */,
			);
			path = Constant;
			sourceTree = "<group>";
		};
		F3D35DC41E56967C0055194D /* HTTP */ = {
			isa = PBXGroup;
			children = (
			);
			path = HTTP;
			sourceTree = "<group>";
		};
		F3D35DC51E56967C0055194D /* Models */ = {
			isa = PBXGroup;
			children = (
				F369E21B1E80F91B00E8C138 /* BaseModel.h */,
				F369E21C1E80F91B00E8C138 /* BaseModel.m */,
				F3D35DC61E56967C0055194D /* User */,
			);
			path = Models;
			sourceTree = "<group>";
		};
		F3D35DC61E56967C0055194D /* User */ = {
			isa = PBXGroup;
			children = (
				F3D35DC71E56967C0055194D /* BaseUser.h */,
				F3D35DC81E56967C0055194D /* BaseUser.m */,
				F34EEFCD1E5A8136006DBC5B /* LoginUser.h */,
				F34EEFCE1E5A8136006DBC5B /* LoginUser.m */,
			);
			path = User;
			sourceTree = "<group>";
		};
		F3D35DC91E56967C0055194D /* Utilities */ = {
			isa = PBXGroup;
			children = (
				F3AA4C391E791F5300D20214 /* SlidebarMenu */,
				F39BFD291E6FA77100F4A9B2 /* NaviMapHelp */,
				F3B9387D1E6E80C70014A80E /* notificationCenter */,
				F34EEFC91E5A7CD5006DBC5B /* SelectableOverlay */,
			);
			path = Utilities;
			sourceTree = "<group>";
		};
		F3D35DCA1E56967C0055194D /* ViewControllers */ = {
			isa = PBXGroup;
			children = (
				F3AA4C351E79143500D20214 /* SlidebarViewControllers */,
				F369E1F01E7BB2FF00E8C138 /* LoginViewControllers */,
				F369E1E81E7BA94900E8C138 /* OrderViewControllers */,
				F3D35DD71E56C5CC0055194D /* MapViewControllers */,
				F369E1EC1E7BA9D800E8C138 /* OptionsViewControllers */,
				F3AA4C261E77F22900D20214 /* MineViewControllers */,
			);
			path = ViewControllers;
			sourceTree = "<group>";
		};
		F3D35DCB1E56967C0055194D /* Views */ = {
			isa = PBXGroup;
			children = (
				F39283581E88AB3A00896FFD /* ProgressBarView */,
				F369E1FD1E7BBD2600E8C138 /* UIToolViewTextField */,
				F3894B061E6CF9A500ECB8F1 /* noticeAlertView */,
				F34EEFC11E5A7880006DBC5B /* NaviCusView */,
			);
			path = Views;
			sourceTree = "<group>";
		};
		F3D35DD11E56969C0055194D /* Supporting Files */ = {
			isa = PBXGroup;
			children = (
				F3D35D931E5695850055194D /* main.m */,
				F3D35DD41E56993D0055194D /* PchFiles */,
				F3D35DD31E5696FF0055194D /* Image */,
				F3D35DD21E5696DB0055194D /* Plist */,
			);
			name = "Supporting Files";
			sourceTree = "<group>";
		};
		F3D35DD21E5696DB0055194D /* Plist */ = {
			isa = PBXGroup;
			children = (
				F3D35D9D1E5695850055194D /* Info.plist */,
			);
			name = Plist;
			sourceTree = "<group>";
		};
		F3D35DD31E5696FF0055194D /* Image */ = {
			isa = PBXGroup;
			children = (
				F3D35D981E5695850055194D /* Assets.xcassets */,
			);
			name = Image;
			sourceTree = "<group>";
		};
		F3D35DD41E56993D0055194D /* PchFiles */ = {
			isa = PBXGroup;
			children = (
				F3D35DD51E5699670055194D /* PrefixHeader.pch */,
			);
			name = PchFiles;
			sourceTree = "<group>";
		};
		F3D35DD71E56C5CC0055194D /* MapViewControllers */ = {
			isa = PBXGroup;
			children = (
				F378081A1E56C83A0057A57A /* AmapViewController.h */,
				F378081B1E56C83A0057A57A /* AmapViewController.m */,
				F3894B031E6CF24B00ECB8F1 /* AmapRouteNaviViewController.h */,
				F3894B041E6CF24B00ECB8F1 /* AmapRouteNaviViewController.m */,
				F378081D1E56D1D10057A57A /* AmapNaviViewController.h */,
				F378081E1E56D1D10057A57A /* AmapNaviViewController.m */,
			);
			path = MapViewControllers;
			sourceTree = "<group>";
		};
/* End PBXGroup section */

/* Begin PBXNativeTarget section */
		F37C58AA1E5FC0010098B80E /* AutoNaviSampleTests */ = {
			isa = PBXNativeTarget;
			buildConfigurationList = F37C58B21E5FC0010098B80E /* Build configuration list for PBXNativeTarget "AutoNaviSampleTests" */;
			buildPhases = (
				F37C58A71E5FC0010098B80E /* Sources */,
				F37C58A81E5FC0010098B80E /* Frameworks */,
				F37C58A91E5FC0010098B80E /* Resources */,
			);
			buildRules = (
			);
			dependencies = (
				F37C58B11E5FC0010098B80E /* PBXTargetDependency */,
			);
			name = AutoNaviSampleTests;
			productName = AutoNaviSampleTests;
			productReference = F37C58AB1E5FC0010098B80E /* AutoNaviSampleTests.xctest */;
			productType = "com.apple.product-type.bundle.unit-test";
		};
		F37C58B81E5FC01E0098B80E /* AutoNaviSampleUITests */ = {
			isa = PBXNativeTarget;
			buildConfigurationList = F37C58C01E5FC01E0098B80E /* Build configuration list for PBXNativeTarget "AutoNaviSampleUITests" */;
			buildPhases = (
				F37C58B51E5FC01E0098B80E /* Sources */,
				F37C58B61E5FC01E0098B80E /* Frameworks */,
				F37C58B71E5FC01E0098B80E /* Resources */,
			);
			buildRules = (
			);
			dependencies = (
				F37C58BF1E5FC01E0098B80E /* PBXTargetDependency */,
			);
			name = AutoNaviSampleUITests;
			productName = AutoNaviSampleUITests;
			productReference = F37C58B91E5FC01E0098B80E /* AutoNaviSampleUITests.xctest */;
			productType = "com.apple.product-type.bundle.ui-testing";
		};
		F3D35D8E1E5695850055194D /* AutoNaviSample */ = {
			isa = PBXNativeTarget;
			buildConfigurationList = F3D35DA01E5695850055194D /* Build configuration list for PBXNativeTarget "AutoNaviSample" */;
			buildPhases = (
				26601F7F1E501DE4F1E06EA9 /* [CP] Check Pods Manifest.lock */,
				F3D35D8B1E5695850055194D /* Sources */,
				F3D35D8C1E5695850055194D /* Frameworks */,
				F3D35D8D1E5695850055194D /* Resources */,
				4BADE8A0926DA8BAFC0C1DC1 /* [CP] Embed Pods Frameworks */,
				8DE5FBE7FB6E49CB55D23E3F /* [CP] Copy Pods Resources */,
			);
			buildRules = (
			);
			dependencies = (
			);
			name = AutoNaviSample;
			productName = AutoNaviSample;
			productReference = F3D35D8F1E5695850055194D /* AutoNaviSample.app */;
			productType = "com.apple.product-type.application";
		};
/* End PBXNativeTarget section */

/* Begin PBXProject section */
		F3D35D871E5695840055194D /* Project object */ = {
			isa = PBXProject;
			attributes = {
				LastUpgradeCheck = 0820;
				ORGANIZATIONNAME = joker;
				TargetAttributes = {
					F37C58AA1E5FC0010098B80E = {
						CreatedOnToolsVersion = 8.2.1;
						DevelopmentTeam = S93X337HM6;
						ProvisioningStyle = Automatic;
						TestTargetID = F3D35D8E1E5695850055194D;
					};
					F37C58B81E5FC01E0098B80E = {
						CreatedOnToolsVersion = 8.2.1;
						DevelopmentTeam = S93X337HM6;
						ProvisioningStyle = Automatic;
						TestTargetID = F3D35D8E1E5695850055194D;
					};
					F3D35D8E1E5695850055194D = {
						CreatedOnToolsVersion = 8.2.1;
						DevelopmentTeam = 7U64SHU6Y6;
						LastSwiftMigration = 0820;
						ProvisioningStyle = Automatic;
						SystemCapabilities = {
							com.apple.BackgroundModes = {
								enabled = 1;
							};
							com.apple.Maps.iOS = {
								enabled = 1;
							};
						};
					};
				};
			};
			buildConfigurationList = F3D35D8A1E5695840055194D /* Build configuration list for PBXProject "AutoNaviSample" */;
			compatibilityVersion = "Xcode 3.2";
			developmentRegion = English;
			hasScannedForEncodings = 0;
			knownRegions = (
				en,
				Base,
			);
			mainGroup = F3D35D861E5695840055194D;
			productRefGroup = F3D35D901E5695850055194D /* Products */;
			projectDirPath = "";
			projectRoot = "";
			targets = (
				F3D35D8E1E5695850055194D /* AutoNaviSample */,
				F37C58AA1E5FC0010098B80E /* AutoNaviSampleTests */,
				F37C58B81E5FC01E0098B80E /* AutoNaviSampleUITests */,
			);
		};
/* End PBXProject section */

/* Begin PBXResourcesBuildPhase section */
		F37C58A91E5FC0010098B80E /* Resources */ = {
			isa = PBXResourcesBuildPhase;
			buildActionMask = 2147483647;
			files = (
			);
			runOnlyForDeploymentPostprocessing = 0;
		};
		F37C58B71E5FC01E0098B80E /* Resources */ = {
			isa = PBXResourcesBuildPhase;
			buildActionMask = 2147483647;
			files = (
			);
			runOnlyForDeploymentPostprocessing = 0;
		};
		F3D35D8D1E5695850055194D /* Resources */ = {
			isa = PBXResourcesBuildPhase;
			buildActionMask = 2147483647;
			files = (
				F3D35D991E5695850055194D /* Assets.xcassets in Resources */,
			);
			runOnlyForDeploymentPostprocessing = 0;
		};
/* End PBXResourcesBuildPhase section */

/* Begin PBXShellScriptBuildPhase section */
		26601F7F1E501DE4F1E06EA9 /* [CP] Check Pods Manifest.lock */ = {
			isa = PBXShellScriptBuildPhase;
			buildActionMask = 2147483647;
			files = (
			);
			inputPaths = (
			);
			name = "[CP] Check Pods Manifest.lock";
			outputPaths = (
			);
			runOnlyForDeploymentPostprocessing = 0;
			shellPath = /bin/sh;
			shellScript = "diff \"${PODS_PODFILE_DIR_PATH}/Podfile.lock\" \"${PODS_ROOT}/Manifest.lock\" > /dev/null\nif [ $? != 0 ] ; then\n    # print error to STDERR\n    echo \"error: The sandbox is not in sync with the Podfile.lock. Run 'pod install' or update your CocoaPods installation.\" >&2\n    exit 1\nfi\n";
			showEnvVarsInLog = 0;
		};
		4BADE8A0926DA8BAFC0C1DC1 /* [CP] Embed Pods Frameworks */ = {
			isa = PBXShellScriptBuildPhase;
			buildActionMask = 2147483647;
			files = (
			);
			inputPaths = (
			);
			name = "[CP] Embed Pods Frameworks";
			outputPaths = (
			);
			runOnlyForDeploymentPostprocessing = 0;
			shellPath = /bin/sh;
			shellScript = "\"${SRCROOT}/Pods/Target Support Files/Pods-AutoNaviSample/Pods-AutoNaviSample-frameworks.sh\"\n";
			showEnvVarsInLog = 0;
		};
		8DE5FBE7FB6E49CB55D23E3F /* [CP] Copy Pods Resources */ = {
			isa = PBXShellScriptBuildPhase;
			buildActionMask = 2147483647;
			files = (
			);
			inputPaths = (
			);
			name = "[CP] Copy Pods Resources";
			outputPaths = (
			);
			runOnlyForDeploymentPostprocessing = 0;
			shellPath = /bin/sh;
			shellScript = "\"${SRCROOT}/Pods/Target Support Files/Pods-AutoNaviSample/Pods-AutoNaviSample-resources.sh\"\n";
			showEnvVarsInLog = 0;
		};
/* End PBXShellScriptBuildPhase section */

/* Begin PBXSourcesBuildPhase section */
		F37C58A71E5FC0010098B80E /* Sources */ = {
			isa = PBXSourcesBuildPhase;
			buildActionMask = 2147483647;
			files = (
				F37C58AE1E5FC0010098B80E /* AutoNaviSampleTests.m in Sources */,
			);
			runOnlyForDeploymentPostprocessing = 0;
		};
		F37C58B51E5FC01E0098B80E /* Sources */ = {
			isa = PBXSourcesBuildPhase;
			buildActionMask = 2147483647;
			files = (
				F37C58BC1E5FC01E0098B80E /* AutoNaviSampleUITests.m in Sources */,
			);
			runOnlyForDeploymentPostprocessing = 0;
		};
		F3D35D8B1E5695850055194D /* Sources */ = {
			isa = PBXSourcesBuildPhase;
			buildActionMask = 2147483647;
			files = (
				F37AF4411E727E9E00161008 /* NaviSpeechHelp.m in Sources */,
				F39283621E88ADBC00896FFD /* UIColor+RGBValues.m in Sources */,
				F369E1EB1E7BA96600E8C138 /* OrderViewController.m in Sources */,
				F3894B0C1E6CFC1C00ECB8F1 /* UIView+HUDExtensions.m in Sources */,
				F33E784F1E825B0F0078F7BB /* attributionView.m in Sources */,
				F3D35DD01E56967C0055194D /* BaseUser.m in Sources */,
				F34EEFC41E5A78B3006DBC5B /* PreferenceView.m in Sources */,
				F33E784C1E825AC20078F7BB /* offlineMapViewController.m in Sources */,
				F33E783B1E8243F20078F7BB /* CarInfoEditCell.m in Sources */,
				F33E782E1E810B8D0078F7BB /* carInfoViewController.m in Sources */,
				F34EEFCF1E5A8136006DBC5B /* LoginUser.m in Sources */,
				F3AA4C341E78E21900D20214 /* UIView+instrument.m in Sources */,
				F369E2071E7BC70A00E8C138 /* VerifyView.m in Sources */,
				F3AA4C4D1E79230600D20214 /* SlidebarFunctions.m in Sources */,
				F369E1F61E7BB4D500E8C138 /* LoginViewController.m in Sources */,
				F369E2001E7BBD4500E8C138 /* UIToolViewTextField.m in Sources */,
				F3D35DCD1E56967C0055194D /* BaseTableView.m in Sources */,
				F3894B051E6CF24B00ECB8F1 /* AmapRouteNaviViewController.m in Sources */,
				F33E78281E8109880078F7BB /* OptionsListCell.m in Sources */,
				F39BFD2F1E6FA7CF00F4A9B2 /* NaviMapHelp.m in Sources */,
				F3D35DCE1E56967C0055194D /* BaseViewController.m in Sources */,
				F369E20B1E7BCA8B00E8C138 /* LoginHandle.m in Sources */,
				F3AA4C291E77F22900D20214 /* MineViewController.m in Sources */,
				F3894B091E6CF9E200ECB8F1 /* arriveAlertView.m in Sources */,
				F39283651E89172E00896FFD /* OfflLineMapCell.m in Sources */,
				F39283511E83CD4E00896FFD /* CarNumCell.m in Sources */,
				F369E2171E80F62700E8C138 /* OrderListCell.m in Sources */,
				F34EEFCC1E5A7CEF006DBC5B /* SelectableOverlay.m in Sources */,
				F3AA4C461E7920EF00D20214 /* UIViewController+SlidebarMenu.m in Sources */,
				F369E1EF1E7BA9F900E8C138 /* OptionsViewController.m in Sources */,
				F3D35DCF1E56967C0055194D /* common.m in Sources */,
				F3A67DA61E712346003F81F4 /* NaviPointAnnotation.m in Sources */,
				F378081F1E56D1D10057A57A /* AmapNaviViewController.m in Sources */,
				F39BFD261E6E813A00F4A9B2 /* notificationCenter.m in Sources */,
				F392835B1E88AB5200896FFD /* ProgressBarView.m in Sources */,
				F369E2041E7BC6F000E8C138 /* LoginView.m in Sources */,
				F3AA4C3C1E791F7200D20214 /* SlidebarMenu.m in Sources */,
				F369E2201E80F97F00E8C138 /* OrderListModel.m in Sources */,
				F3D35D971E5695850055194D /* AppDelegate.m in Sources */,
				F34EEFC81E5A79FD006DBC5B /* RouteCollectionViewCell.m in Sources */,
				F378081C1E56C83A0057A57A /* AmapViewController.m in Sources */,
				F3424A011E5C1F88000DEEF5 /* BaseNaviViewController.m in Sources */,
				F33E78451E8250970078F7BB /* RoutePreferencesViewController.m in Sources */,
				F3D35D941E5695850055194D /* main.m in Sources */,
				F369E21D1E80F91B00E8C138 /* BaseModel.m in Sources */,
				F369E1FC1E7BB63600E8C138 /* UIView+additions.m in Sources */,
				F3AA4C311E78DFC000D20214 /* UIImage+blur.m in Sources */,
				F33E784B1E825AC20078F7BB /* offlineMapHeadView.m in Sources */,
				F33E78351E8113940078F7BB /* offlineMapHandle.m in Sources */,
				F3D35DCC1E56967C0055194D /* BaesTableViewCell.m in Sources */,
				F38C57091E5BD3CF001382DB /* NaviMoreView.m in Sources */,
				F33E78381E8119550078F7BB /* OffLineItemHandelModel.m in Sources */,
				F3AA4C381E79144A00D20214 /* SlidebarViewController.m in Sources */,
			);
			runOnlyForDeploymentPostprocessing = 0;
		};
/* End PBXSourcesBuildPhase section */

/* Begin PBXTargetDependency section */
		F37C58B11E5FC0010098B80E /* PBXTargetDependency */ = {
			isa = PBXTargetDependency;
			target = F3D35D8E1E5695850055194D /* AutoNaviSample */;
			targetProxy = F37C58B01E5FC0010098B80E /* PBXContainerItemProxy */;
		};
		F37C58BF1E5FC01E0098B80E /* PBXTargetDependency */ = {
			isa = PBXTargetDependency;
			target = F3D35D8E1E5695850055194D /* AutoNaviSample */;
			targetProxy = F37C58BE1E5FC01E0098B80E /* PBXContainerItemProxy */;
		};
/* End PBXTargetDependency section */

/* Begin XCBuildConfiguration section */
		F37C58B31E5FC0010098B80E /* Debug */ = {
			isa = XCBuildConfiguration;
			buildSettings = {
				BUNDLE_LOADER = "$(TEST_HOST)";
				DEVELOPMENT_TEAM = S93X337HM6;
				INFOPLIST_FILE = AutoNaviSampleTests/Info.plist;
				LD_RUNPATH_SEARCH_PATHS = "$(inherited) @executable_path/Frameworks @loader_path/Frameworks";
				PRODUCT_BUNDLE_IDENTIFIER = com.JM.AutoNaviSampleTests;
				PRODUCT_NAME = "$(TARGET_NAME)";
				TEST_HOST = "$(BUILT_PRODUCTS_DIR)/AutoNaviSample.app/AutoNaviSample";
			};
			name = Debug;
		};
		F37C58B41E5FC0010098B80E /* Release */ = {
			isa = XCBuildConfiguration;
			buildSettings = {
				BUNDLE_LOADER = "$(TEST_HOST)";
				DEVELOPMENT_TEAM = S93X337HM6;
				INFOPLIST_FILE = AutoNaviSampleTests/Info.plist;
				LD_RUNPATH_SEARCH_PATHS = "$(inherited) @executable_path/Frameworks @loader_path/Frameworks";
				PRODUCT_BUNDLE_IDENTIFIER = com.JM.AutoNaviSampleTests;
				PRODUCT_NAME = "$(TARGET_NAME)";
				TEST_HOST = "$(BUILT_PRODUCTS_DIR)/AutoNaviSample.app/AutoNaviSample";
			};
			name = Release;
		};
		F37C58C11E5FC01E0098B80E /* Debug */ = {
			isa = XCBuildConfiguration;
			buildSettings = {
				DEVELOPMENT_TEAM = S93X337HM6;
				INFOPLIST_FILE = AutoNaviSampleUITests/Info.plist;
				LD_RUNPATH_SEARCH_PATHS = "$(inherited) @executable_path/Frameworks @loader_path/Frameworks";
				PRODUCT_BUNDLE_IDENTIFIER = com.JM.AutoNaviSampleUITests;
				PRODUCT_NAME = "$(TARGET_NAME)";
				TEST_TARGET_NAME = AutoNaviSample;
			};
			name = Debug;
		};
		F37C58C21E5FC01E0098B80E /* Release */ = {
			isa = XCBuildConfiguration;
			buildSettings = {
				DEVELOPMENT_TEAM = S93X337HM6;
				INFOPLIST_FILE = AutoNaviSampleUITests/Info.plist;
				LD_RUNPATH_SEARCH_PATHS = "$(inherited) @executable_path/Frameworks @loader_path/Frameworks";
				PRODUCT_BUNDLE_IDENTIFIER = com.JM.AutoNaviSampleUITests;
				PRODUCT_NAME = "$(TARGET_NAME)";
				TEST_TARGET_NAME = AutoNaviSample;
			};
			name = Release;
		};
		F3D35D9E1E5695850055194D /* Debug */ = {
			isa = XCBuildConfiguration;
			buildSettings = {
				ALWAYS_SEARCH_USER_PATHS = NO;
				CLANG_ANALYZER_NONNULL = YES;
				CLANG_CXX_LANGUAGE_STANDARD = "gnu++0x";
				CLANG_CXX_LIBRARY = "libc++";
				CLANG_ENABLE_MODULES = YES;
				CLANG_ENABLE_OBJC_ARC = YES;
				CLANG_WARN_BOOL_CONVERSION = YES;
				CLANG_WARN_CONSTANT_CONVERSION = YES;
				CLANG_WARN_DIRECT_OBJC_ISA_USAGE = YES_ERROR;
				CLANG_WARN_DOCUMENTATION_COMMENTS = YES;
				CLANG_WARN_EMPTY_BODY = YES;
				CLANG_WARN_ENUM_CONVERSION = YES;
				CLANG_WARN_INFINITE_RECURSION = YES;
				CLANG_WARN_INT_CONVERSION = YES;
				CLANG_WARN_OBJC_ROOT_CLASS = YES_ERROR;
				CLANG_WARN_SUSPICIOUS_MOVE = YES;
				CLANG_WARN_UNREACHABLE_CODE = YES;
				CLANG_WARN__DUPLICATE_METHOD_MATCH = YES;
				"CODE_SIGN_IDENTITY[sdk=iphoneos*]" = "iPhone Developer";
				COPY_PHASE_STRIP = NO;
				DEBUG_INFORMATION_FORMAT = dwarf;
				ENABLE_STRICT_OBJC_MSGSEND = YES;
				ENABLE_TESTABILITY = YES;
				GCC_C_LANGUAGE_STANDARD = gnu99;
				GCC_DYNAMIC_NO_PIC = NO;
				GCC_NO_COMMON_BLOCKS = YES;
				GCC_OPTIMIZATION_LEVEL = 0;
				GCC_PREPROCESSOR_DEFINITIONS = (
					"DEBUG=1",
					"$(inherited)",
				);
				GCC_WARN_64_TO_32_BIT_CONVERSION = YES;
				GCC_WARN_ABOUT_RETURN_TYPE = YES_ERROR;
				GCC_WARN_UNDECLARED_SELECTOR = YES;
				GCC_WARN_UNINITIALIZED_AUTOS = YES_AGGRESSIVE;
				GCC_WARN_UNUSED_FUNCTION = YES;
				GCC_WARN_UNUSED_VARIABLE = YES;
				IPHONEOS_DEPLOYMENT_TARGET = 10.2;
				MTL_ENABLE_DEBUG_INFO = YES;
				ONLY_ACTIVE_ARCH = YES;
				SDKROOT = iphoneos;
			};
			name = Debug;
		};
		F3D35D9F1E5695850055194D /* Release */ = {
			isa = XCBuildConfiguration;
			buildSettings = {
				ALWAYS_SEARCH_USER_PATHS = NO;
				CLANG_ANALYZER_NONNULL = YES;
				CLANG_CXX_LANGUAGE_STANDARD = "gnu++0x";
				CLANG_CXX_LIBRARY = "libc++";
				CLANG_ENABLE_MODULES = YES;
				CLANG_ENABLE_OBJC_ARC = YES;
				CLANG_WARN_BOOL_CONVERSION = YES;
				CLANG_WARN_CONSTANT_CONVERSION = YES;
				CLANG_WARN_DIRECT_OBJC_ISA_USAGE = YES_ERROR;
				CLANG_WARN_DOCUMENTATION_COMMENTS = YES;
				CLANG_WARN_EMPTY_BODY = YES;
				CLANG_WARN_ENUM_CONVERSION = YES;
				CLANG_WARN_INFINITE_RECURSION = YES;
				CLANG_WARN_INT_CONVERSION = YES;
				CLANG_WARN_OBJC_ROOT_CLASS = YES_ERROR;
				CLANG_WARN_SUSPICIOUS_MOVE = YES;
				CLANG_WARN_UNREACHABLE_CODE = YES;
				CLANG_WARN__DUPLICATE_METHOD_MATCH = YES;
				"CODE_SIGN_IDENTITY[sdk=iphoneos*]" = "iPhone Developer";
				COPY_PHASE_STRIP = NO;
				DEBUG_INFORMATION_FORMAT = "dwarf-with-dsym";
				ENABLE_NS_ASSERTIONS = NO;
				ENABLE_STRICT_OBJC_MSGSEND = YES;
				GCC_C_LANGUAGE_STANDARD = gnu99;
				GCC_NO_COMMON_BLOCKS = YES;
				GCC_WARN_64_TO_32_BIT_CONVERSION = YES;
				GCC_WARN_ABOUT_RETURN_TYPE = YES_ERROR;
				GCC_WARN_UNDECLARED_SELECTOR = YES;
				GCC_WARN_UNINITIALIZED_AUTOS = YES_AGGRESSIVE;
				GCC_WARN_UNUSED_FUNCTION = YES;
				GCC_WARN_UNUSED_VARIABLE = YES;
				IPHONEOS_DEPLOYMENT_TARGET = 10.2;
				MTL_ENABLE_DEBUG_INFO = NO;
				SDKROOT = iphoneos;
				VALIDATE_PRODUCT = YES;
			};
			name = Release;
		};
		F3D35DA11E5695850055194D /* Debug */ = {
			isa = XCBuildConfiguration;
			baseConfigurationReference = 895E8BFDD71A0A1F03568DFE /* Pods-AutoNaviSample.debug.xcconfig */;
			buildSettings = {
				ASSETCATALOG_COMPILER_APPICON_NAME = AppIcon;
				CLANG_ENABLE_MODULES = YES;
				DEBUG_INFORMATION_FORMAT = "dwarf-with-dsym";
				DEVELOPMENT_TEAM = 7U64SHU6Y6;
				GCC_PRECOMPILE_PREFIX_HEADER = YES;
				GCC_PREFIX_HEADER = AutoNaviSample/PrefixHeader.pch;
				INFOPLIST_FILE = AutoNaviSample/Info.plist;
				LD_RUNPATH_SEARCH_PATHS = "$(inherited) @executable_path/Frameworks";
				PRODUCT_BUNDLE_IDENTIFIER = com.jiangmiao.AutoNaviSample;
				PRODUCT_NAME = "$(TARGET_NAME)";
				SWIFT_OPTIMIZATION_LEVEL = "-Onone";
				SWIFT_VERSION = 3.0;
			};
			name = Debug;
		};
		F3D35DA21E5695850055194D /* Release */ = {
			isa = XCBuildConfiguration;
			baseConfigurationReference = 7A7E29ECF72D6F9A4B2E9F11 /* Pods-AutoNaviSample.release.xcconfig */;
			buildSettings = {
				ASSETCATALOG_COMPILER_APPICON_NAME = AppIcon;
				CLANG_ENABLE_MODULES = YES;
				DEVELOPMENT_TEAM = 7U64SHU6Y6;
				GCC_PRECOMPILE_PREFIX_HEADER = YES;
				GCC_PREFIX_HEADER = AutoNaviSample/PrefixHeader.pch;
				INFOPLIST_FILE = AutoNaviSample/Info.plist;
				LD_RUNPATH_SEARCH_PATHS = "$(inherited) @executable_path/Frameworks";
				PRODUCT_BUNDLE_IDENTIFIER = com.jiangmiao.AutoNaviSample;
				PRODUCT_NAME = "$(TARGET_NAME)";
				SWIFT_VERSION = 3.0;
			};
			name = Release;
		};
/* End XCBuildConfiguration section */

/* Begin XCConfigurationList section */
		F37C58B21E5FC0010098B80E /* Build configuration list for PBXNativeTarget "AutoNaviSampleTests" */ = {
			isa = XCConfigurationList;
			buildConfigurations = (
				F37C58B31E5FC0010098B80E /* Debug */,
				F37C58B41E5FC0010098B80E /* Release */,
			);
			defaultConfigurationIsVisible = 0;
			defaultConfigurationName = Release;
		};
		F37C58C01E5FC01E0098B80E /* Build configuration list for PBXNativeTarget "AutoNaviSampleUITests" */ = {
			isa = XCConfigurationList;
			buildConfigurations = (
				F37C58C11E5FC01E0098B80E /* Debug */,
				F37C58C21E5FC01E0098B80E /* Release */,
			);
			defaultConfigurationIsVisible = 0;
			defaultConfigurationName = Release;
		};
		F3D35D8A1E5695840055194D /* Build configuration list for PBXProject "AutoNaviSample" */ = {
			isa = XCConfigurationList;
			buildConfigurations = (
				F3D35D9E1E5695850055194D /* Debug */,
				F3D35D9F1E5695850055194D /* Release */,
			);
			defaultConfigurationIsVisible = 0;
			defaultConfigurationName = Release;
		};
		F3D35DA01E5695850055194D /* Build configuration list for PBXNativeTarget "AutoNaviSample" */ = {
			isa = XCConfigurationList;
			buildConfigurations = (
				F3D35DA11E5695850055194D /* Debug */,
				F3D35DA21E5695850055194D /* Release */,
			);
			defaultConfigurationIsVisible = 0;
			defaultConfigurationName = Release;
		};
/* End XCConfigurationList section */
	};
	rootObject = F3D35D871E5695840055194D /* Project object */;
}
